PODS:
  - SnapSDK/SCSDKCreativeKit (1.4.3)
  - SnapSDK/SCSDKLoginKit (1.4.3)

DEPENDENCIES:
  - SnapSDK/SCSDKCreativeKit
  - SnapSDK/SCSDKLoginKit

SPEC REPOS:
  trunk:
    - SnapSDK

SPEC CHECKSUMS:
  SnapSDK: 0fba5594ece441d706e5d66380fdc098c094d4b4

PODFILE CHECKSUM: 8f1af535944b215592c6255e9941449910fcc041

COCOAPODS: 1.8.4
