// !$*UTF8*$!
{
	archiveVersion = 1;
	classes = {
	};
	objectVersion = 50;
	objects = {

/* Begin PBXBuildFile section */
		D0B75837243DB1C400F5C6D1 /* AppDelegate.swift in Sources */ = {isa = PBXBuildFile; fileRef = D0B75836243DB1C400F5C6D1 /* AppDelegate.swift */; };
		D0B75839243DB1C400F5C6D1 /* SceneDelegate.swift in Sources */ = {isa = PBXBuildFile; fileRef = D0B75838243DB1C400F5C6D1 /* SceneDelegate.swift */; };
		D0B7583B243DB1C400F5C6D1 /* ViewController.swift in Sources */ = {isa = PBXBuildFile; fileRef = D0B7583A243DB1C400F5C6D1 /* ViewController.swift */; };
		D0B7583E243DB1C400F5C6D1 /* Main.storyboard in Resources */ = {isa = PBXBuildFile; fileRef = D0B7583C243DB1C400F5C6D1 /* Main.storyboard */; };
		D0B75840243DB1C500F5C6D1 /* Assets.xcassets in Resources */ = {isa = PBXBuildFile; fileRef = D0B7583F243DB1C500F5C6D1 /* Assets.xcassets */; };
		D0B75843243DB1C500F5C6D1 /* LaunchScreen.storyboard in Resources */ = {isa = PBXBuildFile; fileRef = D0B75841243DB1C500F5C6D1 /* LaunchScreen.storyboard */; };
/* End PBXBuildFile section */

/* Begin PBXFileReference section */
		D0B75833243DB1C400F5C6D1 /* quarantine-cookoff.app */ = {isa = PBXFileReference; explicitFileType = wrapper.application; includeInIndex = 0; path = "quarantine-cookoff.app"; sourceTree = BUILT_PRODUCTS_DIR; };
		D0B75836243DB1C400F5C6D1 /* AppDelegate.swift */ = {isa = PBXFileReference; lastKnownFileType = sourcecode.swift; path = AppDelegate.swift; sourceTree = "<group>"; };
		D0B75838243DB1C400F5C6D1 /* SceneDelegate.swift */ = {isa = PBXFileReference; lastKnownFileType = sourcecode.swift; path = SceneDelegate.swift; sourceTree = "<group>"; };
		D0B7583A243DB1C400F5C6D1 /* ViewController.swift */ = {isa = PBXFileReference; lastKnownFileType = sourcecode.swift; path = ViewController.swift; sourceTree = "<group>"; };
		D0B7583D243DB1C400F5C6D1 /* Base */ = {isa = PBXFileReference; lastKnownFileType = file.storyboard; name = Base; path = Base.lproj/Main.storyboard; sourceTree = "<group>"; };
		D0B7583F243DB1C500F5C6D1 /* Assets.xcassets */ = {isa = PBXFileReference; lastKnownFileType = folder.assetcatalog; path = Assets.xcassets; sourceTree = "<group>"; };
		D0B75842243DB1C500F5C6D1 /* Base */ = {isa = PBXFileReference; lastKnownFileType = file.storyboard; name = Base; path = Base.lproj/LaunchScreen.storyboard; sourceTree = "<group>"; };
		D0B75844243DB1C500F5C6D1 /* Info.plist */ = {isa = PBXFileReference; lastKnownFileType = text.plist.xml; path = Info.plist; sourceTree = "<group>"; };
/* End PBXFileReference section */

/* Begin PBXFrameworksBuildPhase section */
		D0B75830243DB1C400F5C6D1 /* Frameworks */ = {
			isa = PBXFrameworksBuildPhase;
			buildActionMask = 2147483647;
			files = (
			);
			runOnlyForDeploymentPostprocessing = 0;
		};
/* End PBXFrameworksBuildPhase section */

/* Begin PBXGroup section */
		D0B7582A243DB1C400F5C6D1 = {
			isa = PBXGroup;
			children = (
				D0B75835243DB1C400F5C6D1 /* quarantine-cookoff */,
				D0B75834243DB1C400F5C6D1 /* Products */,
			);
			sourceTree = "<group>";
		};
		D0B75834243DB1C400F5C6D1 /* Products */ = {
			isa = PBXGroup;
			children = (
				D0B75833243DB1C400F5C6D1 /* quarantine-cookoff.app */,
			);
			name = Products;
			sourceTree = "<group>";
		};
		D0B75835243DB1C400F5C6D1 /* quarantine-cookoff */ = {
			isa = PBXGroup;
			children = (
				D0B75836243DB1C400F5C6D1 /* AppDelegate.swift */,
				D0B75838243DB1C400F5C6D1 /* SceneDelegate.swift */,
				D0B7583A243DB1C400F5C6D1 /* ViewController.swift */,
				D0B7583C243DB1C400F5C6D1 /* Main.storyboard */,
				D0B7583F243DB1C500F5C6D1 /* Assets.xcassets */,
				D0B75841243DB1C500F5C6D1 /* LaunchScreen.storyboard */,
				D0B75844243DB1C500F5C6D1 /* Info.plist */,
			);
			path = "quarantine-cookoff";
			sourceTree = "<group>";
		};
/* End PBXGroup section */

/* Begin PBXNativeTarget section */
		D0B75832243DB1C400F5C6D1 /* quarantine-cookoff */ = {
			isa = PBXNativeTarget;
			buildConfigurationList = D0B75847243DB1C500F5C6D1 /* Build configuration list for PBXNativeTarget "quarantine-cookoff" */;
			buildPhases = (
				D0B7582F243DB1C400F5C6D1 /* Sources */,
				D0B75830243DB1C400F5C6D1 /* Frameworks */,
				D0B75831243DB1C400F5C6D1 /* Resources */,
			);
			buildRules = (
			);
			dependencies = (
			);
			name = "quarantine-cookoff";
			productName = "quarantine-cookoff";
			productReference = D0B75833243DB1C400F5C6D1 /* quarantine-cookoff.app */;
			productType = "com.apple.product-type.application";
		};
/* End PBXNativeTarget section */

/* Begin PBXProject section */
		D0B7582B243DB1C400F5C6D1 /* Project object */ = {
			isa = PBXProject;
			attributes = {
				LastSwiftUpdateCheck = 1120;
				LastUpgradeCheck = 1120;
				ORGANIZATIONNAME = homework;
				TargetAttributes = {
					D0B75832243DB1C400F5C6D1 = {
						CreatedOnToolsVersion = 11.2.1;
					};
				};
			};
			buildConfigurationList = D0B7582E243DB1C400F5C6D1 /* Build configuration list for PBXProject "quarantine-cookoff" */;
			compatibilityVersion = "Xcode 9.3";
			developmentRegion = en;
			hasScannedForEncodings = 0;
			knownRegions = (
				en,
				Base,
			);
			mainGroup = D0B7582A243DB1C400F5C6D1;
			productRefGroup = D0B75834243DB1C400F5C6D1 /* Products */;
			projectDirPath = "";
			projectRoot = "";
			targets = (
				D0B75832243DB1C400F5C6D1 /* quarantine-cookoff */,
			);
		};
/* End PBXProject section */

/* Begin PBXResourcesBuildPhase section */
		D0B75831243DB1C400F5C6D1 /* Resources */ = {
			isa = PBXResourcesBuildPhase;
			buildActionMask = 2147483647;
			files = (
				D0B75843243DB1C500F5C6D1 /* LaunchScreen.storyboard in Resources */,
				D0B75840243DB1C500F5C6D1 /* Assets.xcassets in Resources */,
				D0B7583E243DB1C400F5C6D1 /* Main.storyboard in Resources */,
			);
			runOnlyForDeploymentPostprocessing = 0;
		};
/* End PBXResourcesBuildPhase section */

/* Begin PBXSourcesBuildPhase section */
		D0B7582F243DB1C400F5C6D1 /* Sources */ = {
			isa = PBXSourcesBuildPhase;
			buildActionMask = 2147483647;
			files = (
				D0B7583B243DB1C400F5C6D1 /* ViewController.swift in Sources */,
				D0B75837243DB1C400F5C6D1 /* AppDelegate.swift in Sources */,
				D0B75839243DB1C400F5C6D1 /* SceneDelegate.swift in Sources */,
			);
			runOnlyForDeploymentPostprocessing = 0;
		};
/* End PBXSourcesBuildPhase section */

/* Begin PBXVariantGroup section */
		D0B7583C243DB1C400F5C6D1 /* Main.storyboard */ = {
			isa = PBXVariantGroup;
			children = (
				D0B7583D243DB1C400F5C6D1 /* Base */,
			);
			name = Main.storyboard;
			sourceTree = "<group>";
		};
		D0B75841243DB1C500F5C6D1 /* LaunchScreen.storyboard */ = {
			isa = PBXVariantGroup;
			children = (
				D0B75842243DB1C500F5C6D1 /* Base */,
			);
			name = LaunchScreen.storyboard;
			sourceTree = "<group>";
		};
/* End PBXVariantGroup section */

/* Begin XCBuildConfiguration section */
		D0B75845243DB1C500F5C6D1 /* Debug */ = {
			isa = XCBuildConfiguration;
			buildSettings = {
				ALWAYS_SEARCH_USER_PATHS = NO;
				CLANG_ANALYZER_NONNULL = YES;
				CLANG_ANALYZER_NUMBER_OBJECT_CONVERSION = YES_AGGRESSIVE;
				CLANG_CXX_LANGUAGE_STANDARD = "gnu++14";
				CLANG_CXX_LIBRARY = "libc++";
				CLANG_ENABLE_MODULES = YES;
				CLANG_ENABLE_OBJC_ARC = YES;
				CLANG_ENABLE_OBJC_WEAK = YES;
				CLANG_WARN_BLOCK_CAPTURE_AUTORELEASING = YES;
				CLANG_WARN_BOOL_CONVERSION = YES;
				CLANG_WARN_COMMA = YES;
				CLANG_WARN_CONSTANT_CONVERSION = YES;
				CLANG_WARN_DEPRECATED_OBJC_IMPLEMENTATIONS = YES;
				CLANG_WARN_DIRECT_OBJC_ISA_USAGE = YES_ERROR;
				CLANG_WARN_DOCUMENTATION_COMMENTS = YES;
				CLANG_WARN_EMPTY_BODY = YES;
				CLANG_WARN_ENUM_CONVERSION = YES;
				CLANG_WARN_INFINITE_RECURSION = YES;
				CLANG_WARN_INT_CONVERSION = YES;
				CLANG_WARN_NON_LITERAL_NULL_CONVERSION = YES;
				CLANG_WARN_OBJC_IMPLICIT_RETAIN_SELF = YES;
				CLANG_WARN_OBJC_LITERAL_CONVERSION = YES;
				CLANG_WARN_OBJC_ROOT_CLASS = YES_ERROR;
				CLANG_WARN_RANGE_LOOP_ANALYSIS = YES;
				CLANG_WARN_STRICT_PROTOTYPES = YES;
				CLANG_WARN_SUSPICIOUS_MOVE = YES;
				CLANG_WARN_UNGUARDED_AVAILABILITY = YES_AGGRESSIVE;
				CLANG_WARN_UNREACHABLE_CODE = YES;
				CLANG_WARN__DUPLICATE_METHOD_MATCH = YES;
				COPY_PHASE_STRIP = NO;
				DEBUG_INFORMATION_FORMAT = dwarf;
				ENABLE_STRICT_OBJC_MSGSEND = YES;
				ENABLE_TESTABILITY = YES;
				GCC_C_LANGUAGE_STANDARD = gnu11;
				GCC_DYNAMIC_NO_PIC = NO;
				GCC_NO_COMMON_BLOCKS = YES;
				GCC_OPTIMIZATION_LEVEL = 0;
				GCC_PREPROCESSOR_DEFINITIONS = (
					"DEBUG=1",
					"$(inherited)",
				);
				GCC_WARN_64_TO_32_BIT_CONVERSION = YES;
				GCC_WARN_ABOUT_RETURN_TYPE = YES_ERROR;
				GCC_WARN_UNDECLARED_SELECTOR = YES;
				GCC_WARN_UNINITIALIZED_AUTOS = YES_AGGRESSIVE;
				GCC_WARN_UNUSED_FUNCTION = YES;
				GCC_WARN_UNUSED_VARIABLE = YES;
				IPHONEOS_DEPLOYMENT_TARGET = 13.2;
				MTL_ENABLE_DEBUG_INFO = INCLUDE_SOURCE;
				MTL_FAST_MATH = YES;
				ONLY_ACTIVE_ARCH = YES;
				SDKROOT = iphoneos;
				SWIFT_ACTIVE_COMPILATION_CONDITIONS = DEBUG;
				SWIFT_OPTIMIZATION_LEVEL = "-Onone";
			};
			name = Debug;
		};
		D0B75846243DB1C500F5C6D1 /* Release */ = {
			isa = XCBuildConfiguration;
			buildSettings = {
				ALWAYS_SEARCH_USER_PATHS = NO;
				CLANG_ANALYZER_NONNULL = YES;
				CLANG_ANALYZER_NUMBER_OBJECT_CONVERSION = YES_AGGRESSIVE;
				CLANG_CXX_LANGUAGE_STANDARD = "gnu++14";
				CLANG_CXX_LIBRARY = "libc++";
				CLANG_ENABLE_MODULES = YES;
				CLANG_ENABLE_OBJC_ARC = YES;
				CLANG_ENABLE_OBJC_WEAK = YES;
				CLANG_WARN_BLOCK_CAPTURE_AUTORELEASING = YES;
				CLANG_WARN_BOOL_CONVERSION = YES;
				CLANG_WARN_COMMA = YES;
				CLANG_WARN_CONSTANT_CONVERSION = YES;
				CLANG_WARN_DEPRECATED_OBJC_IMPLEMENTATIONS = YES;
				CLANG_WARN_DIRECT_OBJC_ISA_USAGE = YES_ERROR;
				CLANG_WARN_DOCUMENTATION_COMMENTS = YES;
				CLANG_WARN_EMPTY_BODY = YES;
				CLANG_WARN_ENUM_CONVERSION = YES;
				CLANG_WARN_INFINITE_RECURSION = YES;
				CLANG_WARN_INT_CONVERSION = YES;
				CLANG_WARN_NON_LITERAL_NULL_CONVERSION = YES;
				CLANG_WARN_OBJC_IMPLICIT_RETAIN_SELF = YES;
				CLANG_WARN_OBJC_LITERAL_CONVERSION = YES;
				CLANG_WARN_OBJC_ROOT_CLASS = YES_ERROR;
				CLANG_WARN_RANGE_LOOP_ANALYSIS = YES;
				CLANG_WARN_STRICT_PROTOTYPES = YES;
				CLANG_WARN_SUSPICIOUS_MOVE = YES;
				CLANG_WARN_UNGUARDED_AVAILABILITY = YES_AGGRESSIVE;
				CLANG_WARN_UNREACHABLE_CODE = YES;
				CLANG_WARN__DUPLICATE_METHOD_MATCH = YES;
				COPY_PHASE_STRIP = NO;
				DEBUG_INFORMATION_FORMAT = "dwarf-with-dsym";
				ENABLE_NS_ASSERTIONS = NO;
				ENABLE_STRICT_OBJC_MSGSEND = YES;
				GCC_C_LANGUAGE_STANDARD = gnu11;
				GCC_NO_COMMON_BLOCKS = YES;
				GCC_WARN_64_TO_32_BIT_CONVERSION = YES;
				GCC_WARN_ABOUT_RETURN_TYPE = YES_ERROR;
				GCC_WARN_UNDECLARED_SELECTOR = YES;
				GCC_WARN_UNINITIALIZED_AUTOS = YES_AGGRESSIVE;
				GCC_WARN_UNUSED_FUNCTION = YES;
				GCC_WARN_UNUSED_VARIABLE = YES;
				IPHONEOS_DEPLOYMENT_TARGET = 13.2;
				MTL_ENABLE_DEBUG_INFO = NO;
				MTL_FAST_MATH = YES;
				SDKROOT = iphoneos;
				SWIFT_COMPILATION_MODE = wholemodule;
				SWIFT_OPTIMIZATION_LEVEL = "-O";
				VALIDATE_PRODUCT = YES;
			};
			name = Release;
		};
		D0B75848243DB1C500F5C6D1 /* Debug */ = {
			isa = XCBuildConfiguration;
			buildSettings = {
				ASSETCATALOG_COMPILER_APPICON_NAME = AppIcon;
				CODE_SIGN_STYLE = Automatic;
				DEVELOPMENT_TEAM = WSMXBSMDZK;
				INFOPLIST_FILE = "quarantine-cookoff/Info.plist";
				LD_RUNPATH_SEARCH_PATHS = (
					"$(inherited)",
					"@executable_path/Frameworks",
				);
				PRODUCT_BUNDLE_IDENTIFIER = "com.homework.quarantine-cookoff";
				PRODUCT_NAME = "$(TARGET_NAME)";
				SWIFT_VERSION = 5.0;
				TARGETED_DEVICE_FAMILY = "1,2";
			};
			name = Debug;
		};
		D0B75849243DB1C500F5C6D1 /* Release */ = {
			isa = XCBuildConfiguration;
			buildSettings = {
				ASSETCATALOG_COMPILER_APPICON_NAME = AppIcon;
				CODE_SIGN_STYLE = Automatic;
				DEVELOPMENT_TEAM = WSMXBSMDZK;
				INFOPLIST_FILE = "quarantine-cookoff/Info.plist";
				LD_RUNPATH_SEARCH_PATHS = (
					"$(inherited)",
					"@executable_path/Frameworks",
				);
				PRODUCT_BUNDLE_IDENTIFIER = "com.homework.quarantine-cookoff";
				PRODUCT_NAME = "$(TARGET_NAME)";
				SWIFT_VERSION = 5.0;
				TARGETED_DEVICE_FAMILY = "1,2";
			};
			name = Release;
		};
/* End XCBuildConfiguration section */

/* Begin XCConfigurationList section */
		D0B7582E243DB1C400F5C6D1 /* Build configuration list for PBXProject "quarantine-cookoff" */ = {
			isa = XCConfigurationList;
			buildConfigurations = (
				D0B75845243DB1C500F5C6D1 /* Debug */,
				D0B75846243DB1C500F5C6D1 /* Release */,
			);
			defaultConfigurationIsVisible = 0;
			defaultConfigurationName = Release;
		};
		D0B75847243DB1C500F5C6D1 /* Build configuration list for PBXNativeTarget "quarantine-cookoff" */ = {
			isa = XCConfigurationList;
			buildConfigurations = (
				D0B75848243DB1C500F5C6D1 /* Debug */,
				D0B75849243DB1C500F5C6D1 /* Release */,
			);
			defaultConfigurationIsVisible = 0;
			defaultConfigurationName = Release;
		};
/* End XCConfigurationList section */
	};
	rootObject = D0B7582B243DB1C400F5C6D1 /* Project object */;
}
